// !$*UTF8*$!
{
	archiveVersion = 1;
	classes = {
	};
	objectVersion = 55;
	objects = {

/* Begin PBXBuildFile section */
		BC67A685285CDB7C001673D9 /* AppDelegate.swift in Sources */ = {isa = PBXBuildFile; fileRef = BC67A684285CDB7C001673D9 /* AppDelegate.swift */; };
		BC67A687285CDB7C001673D9 /* SceneDelegate.swift in Sources */ = {isa = PBXBuildFile; fileRef = BC67A686285CDB7C001673D9 /* SceneDelegate.swift */; };
		BC67A689285CDB7C001673D9 /* ViewController.swift in Sources */ = {isa = PBXBuildFile; fileRef = BC67A688285CDB7C001673D9 /* ViewController.swift */; };
		BC67A68E285CDB7D001673D9 /* Assets.xcassets in Resources */ = {isa = PBXBuildFile; fileRef = BC67A68D285CDB7D001673D9 /* Assets.xcassets */; };
		BC67A691285CDB7D001673D9 /* LaunchScreen.storyboard in Resources */ = {isa = PBXBuildFile; fileRef = BC67A68F285CDB7D001673D9 /* LaunchScreen.storyboard */; };
		BC67A69F285CDBE6001673D9 /* GridCollectionViewController.swift in Sources */ = {isa = PBXBuildFile; fileRef = BC67A69B285CDBE5001673D9 /* GridCollectionViewController.swift */; };
		BC67A6A0285CDBE6001673D9 /* CustomCollectionViewController.swift in Sources */ = {isa = PBXBuildFile; fileRef = BC67A69C285CDBE5001673D9 /* CustomCollectionViewController.swift */; };
		BC67A6A1285CDBE6001673D9 /* DemoCell.swift in Sources */ = {isa = PBXBuildFile; fileRef = BC67A69D285CDBE5001673D9 /* DemoCell.swift */; };
		BC67A6A2285CDBE6001673D9 /* ListCollectionViewController.swift in Sources */ = {isa = PBXBuildFile; fileRef = BC67A69E285CDBE6001673D9 /* ListCollectionViewController.swift */; };
/* End PBXBuildFile section */

/* Begin PBXFileReference section */
		BC67A681285CDB7C001673D9 /* wanted_pre_on_boarding_practice.app */ = {isa = PBXFileReference; explicitFileType = wrapper.application; includeInIndex = 0; path = wanted_pre_on_boarding_practice.app; sourceTree = BUILT_PRODUCTS_DIR; };
		BC67A684285CDB7C001673D9 /* AppDelegate.swift */ = {isa = PBXFileReference; lastKnownFileType = sourcecode.swift; path = AppDelegate.swift; sourceTree = "<group>"; };
		BC67A686285CDB7C001673D9 /* SceneDelegate.swift */ = {isa = PBXFileReference; lastKnownFileType = sourcecode.swift; path = SceneDelegate.swift; sourceTree = "<group>"; };
		BC67A688285CDB7C001673D9 /* ViewController.swift */ = {isa = PBXFileReference; lastKnownFileType = sourcecode.swift; path = ViewController.swift; sourceTree = "<group>"; };
		BC67A68D285CDB7D001673D9 /* Assets.xcassets */ = {isa = PBXFileReference; lastKnownFileType = folder.assetcatalog; path = Assets.xcassets; sourceTree = "<group>"; };
		BC67A690285CDB7D001673D9 /* Base */ = {isa = PBXFileReference; lastKnownFileType = file.storyboard; name = Base; path = Base.lproj/LaunchScreen.storyboard; sourceTree = "<group>"; };
		BC67A692285CDB7D001673D9 /* Info.plist */ = {isa = PBXFileReference; lastKnownFileType = text.plist.xml; path = Info.plist; sourceTree = "<group>"; };
		BC67A69B285CDBE5001673D9 /* GridCollectionViewController.swift */ = {isa = PBXFileReference; fileEncoding = 4; lastKnownFileType = sourcecode.swift; path = GridCollectionViewController.swift; sourceTree = "<group>"; };
		BC67A69C285CDBE5001673D9 /* CustomCollectionViewController.swift */ = {isa = PBXFileReference; fileEncoding = 4; lastKnownFileType = sourcecode.swift; path = CustomCollectionViewController.swift; sourceTree = "<group>"; };
		BC67A69D285CDBE5001673D9 /* DemoCell.swift */ = {isa = PBXFileReference; fileEncoding = 4; lastKnownFileType = sourcecode.swift; path = DemoCell.swift; sourceTree = "<group>"; };
		BC67A69E285CDBE6001673D9 /* ListCollectionViewController.swift */ = {isa = PBXFileReference; fileEncoding = 4; lastKnownFileType = sourcecode.swift; path = ListCollectionViewController.swift; sourceTree = "<group>"; };
/* End PBXFileReference section */

/* Begin PBXFrameworksBuildPhase section */
		BC67A67E285CDB7C001673D9 /* Frameworks */ = {
			isa = PBXFrameworksBuildPhase;
			buildActionMask = 2147483647;
			files = (
			);
			runOnlyForDeploymentPostprocessing = 0;
		};
/* End PBXFrameworksBuildPhase section */

/* Begin PBXGroup section */
		BC67A678285CDB7C001673D9 = {
			isa = PBXGroup;
			children = (
				BC67A683285CDB7C001673D9 /* wanted_pre_on_boarding_practice */,
				BC67A682285CDB7C001673D9 /* Products */,
			);
			sourceTree = "<group>";
		};
		BC67A682285CDB7C001673D9 /* Products */ = {
			isa = PBXGroup;
			children = (
				BC67A681285CDB7C001673D9 /* wanted_pre_on_boarding_practice.app */,
			);
			name = Products;
			sourceTree = "<group>";
		};
		BC67A683285CDB7C001673D9 /* wanted_pre_on_boarding_practice */ = {
			isa = PBXGroup;
			children = (
				BC67A69A285CDBDC001673D9 /* Model */,
				BC67A699285CDBD8001673D9 /* View */,
				BC67A698285CDBD0001673D9 /* Controller */,
				BC67A684285CDB7C001673D9 /* AppDelegate.swift */,
				BC67A686285CDB7C001673D9 /* SceneDelegate.swift */,
				BC67A68D285CDB7D001673D9 /* Assets.xcassets */,
				BC67A68F285CDB7D001673D9 /* LaunchScreen.storyboard */,
				BC67A692285CDB7D001673D9 /* Info.plist */,
			);
			path = wanted_pre_on_boarding_practice;
			sourceTree = "<group>";
		};
		BC67A698285CDBD0001673D9 /* Controller */ = {
			isa = PBXGroup;
			children = (
				BC67A688285CDB7C001673D9 /* ViewController.swift */,
				BC67A69C285CDBE5001673D9 /* CustomCollectionViewController.swift */,
				BC67A69D285CDBE5001673D9 /* DemoCell.swift */,
				BC67A69B285CDBE5001673D9 /* GridCollectionViewController.swift */,
				BC67A69E285CDBE6001673D9 /* ListCollectionViewController.swift */,
			);
			path = Controller;
			sourceTree = "<group>";
		};
		BC67A699285CDBD8001673D9 /* View */ = {
			isa = PBXGroup;
			children = (
			);
			path = View;
			sourceTree = "<group>";
		};
		BC67A69A285CDBDC001673D9 /* Model */ = {
			isa = PBXGroup;
			children = (
			);
			path = Model;
			sourceTree = "<group>";
		};
/* End PBXGroup section */

/* Begin PBXNativeTarget section */
		BC67A680285CDB7C001673D9 /* wanted_pre_on_boarding_practice */ = {
			isa = PBXNativeTarget;
			buildConfigurationList = BC67A695285CDB7D001673D9 /* Build configuration list for PBXNativeTarget "wanted_pre_on_boarding_practice" */;
			buildPhases = (
				BC67A67D285CDB7C001673D9 /* Sources */,
				BC67A67E285CDB7C001673D9 /* Frameworks */,
				BC67A67F285CDB7C001673D9 /* Resources */,
			);
			buildRules = (
			);
			dependencies = (
			);
			name = wanted_pre_on_boarding_practice;
			productName = wanted_pre_on_boarding_practice;
			productReference = BC67A681285CDB7C001673D9 /* wanted_pre_on_boarding_practice.app */;
			productType = "com.apple.product-type.application";
		};
/* End PBXNativeTarget section */

/* Begin PBXProject section */
		BC67A679285CDB7C001673D9 /* Project object */ = {
			isa = PBXProject;
			attributes = {
				BuildIndependentTargetsInParallel = 1;
				LastSwiftUpdateCheck = 1340;
				LastUpgradeCheck = 1340;
				TargetAttributes = {
					BC67A680285CDB7C001673D9 = {
						CreatedOnToolsVersion = 13.4.1;
					};
				};
			};
			buildConfigurationList = BC67A67C285CDB7C001673D9 /* Build configuration list for PBXProject "wanted_pre_on_boarding_practice" */;
			compatibilityVersion = "Xcode 13.0";
			developmentRegion = en;
			hasScannedForEncodings = 0;
			knownRegions = (
				en,
				Base,
			);
			mainGroup = BC67A678285CDB7C001673D9;
			productRefGroup = BC67A682285CDB7C001673D9 /* Products */;
			projectDirPath = "";
			projectRoot = "";
			targets = (
				BC67A680285CDB7C001673D9 /* wanted_pre_on_boarding_practice */,
			);
		};
/* End PBXProject section */

/* Begin PBXResourcesBuildPhase section */
		BC67A67F285CDB7C001673D9 /* Resources */ = {
			isa = PBXResourcesBuildPhase;
			buildActionMask = 2147483647;
			files = (
				BC67A691285CDB7D001673D9 /* LaunchScreen.storyboard in Resources */,
				BC67A68E285CDB7D001673D9 /* Assets.xcassets in Resources */,
			);
			runOnlyForDeploymentPostprocessing = 0;
		};
/* End PBXResourcesBuildPhase section */

/* Begin PBXSourcesBuildPhase section */
		BC67A67D285CDB7C001673D9 /* Sources */ = {
			isa = PBXSourcesBuildPhase;
			buildActionMask = 2147483647;
			files = (
				BC67A689285CDB7C001673D9 /* ViewController.swift in Sources */,
				BC67A685285CDB7C001673D9 /* AppDelegate.swift in Sources */,
				BC67A6A1285CDBE6001673D9 /* DemoCell.swift in Sources */,
				BC67A6A2285CDBE6001673D9 /* ListCollectionViewController.swift in Sources */,
				BC67A6A0285CDBE6001673D9 /* CustomCollectionViewController.swift in Sources */,
				BC67A69F285CDBE6001673D9 /* GridCollectionViewController.swift in Sources */,
				BC67A687285CDB7C001673D9 /* SceneDelegate.swift in Sources */,
			);
			runOnlyForDeploymentPostprocessing = 0;
		};
/* End PBXSourcesBuildPhase section */

/* Begin PBXVariantGroup section */
		BC67A68F285CDB7D001673D9 /* LaunchScreen.storyboard */ = {
			isa = PBXVariantGroup;
			children = (
				BC67A690285CDB7D001673D9 /* Base */,
			);
			name = LaunchScreen.storyboard;
			sourceTree = "<group>";
		};
/* End PBXVariantGroup section */

/* Begin XCBuildConfiguration section */
		BC67A693285CDB7D001673D9 /* Debug */ = {
			isa = XCBuildConfiguration;
			buildSettings = {
				ALWAYS_SEARCH_USER_PATHS = NO;
				CLANG_ANALYZER_NONNULL = YES;
				CLANG_ANALYZER_NUMBER_OBJECT_CONVERSION = YES_AGGRESSIVE;
				CLANG_CXX_LANGUAGE_STANDARD = "gnu++17";
				CLANG_ENABLE_MODULES = YES;
				CLANG_ENABLE_OBJC_ARC = YES;
				CLANG_ENABLE_OBJC_WEAK = YES;
				CLANG_WARN_BLOCK_CAPTURE_AUTORELEASING = YES;
				CLANG_WARN_BOOL_CONVERSION = YES;
				CLANG_WARN_COMMA = YES;
				CLANG_WARN_CONSTANT_CONVERSION = YES;
				CLANG_WARN_DEPRECATED_OBJC_IMPLEMENTATIONS = YES;
				CLANG_WARN_DIRECT_OBJC_ISA_USAGE = YES_ERROR;
				CLANG_WARN_DOCUMENTATION_COMMENTS = YES;
				CLANG_WARN_EMPTY_BODY = YES;
				CLANG_WARN_ENUM_CONVERSION = YES;
				CLANG_WARN_INFINITE_RECURSION = YES;
				CLANG_WARN_INT_CONVERSION = YES;
				CLANG_WARN_NON_LITERAL_NULL_CONVERSION = YES;
				CLANG_WARN_OBJC_IMPLICIT_RETAIN_SELF = YES;
				CLANG_WARN_OBJC_LITERAL_CONVERSION = YES;
				CLANG_WARN_OBJC_ROOT_CLASS = YES_ERROR;
				CLANG_WARN_QUOTED_INCLUDE_IN_FRAMEWORK_HEADER = YES;
				CLANG_WARN_RANGE_LOOP_ANALYSIS = YES;
				CLANG_WARN_STRICT_PROTOTYPES = YES;
				CLANG_WARN_SUSPICIOUS_MOVE = YES;
				CLANG_WARN_UNGUARDED_AVAILABILITY = YES_AGGRESSIVE;
				CLANG_WARN_UNREACHABLE_CODE = YES;
				CLANG_WARN__DUPLICATE_METHOD_MATCH = YES;
				COPY_PHASE_STRIP = NO;
				DEBUG_INFORMATION_FORMAT = dwarf;
				ENABLE_STRICT_OBJC_MSGSEND = YES;
				ENABLE_TESTABILITY = YES;
				GCC_C_LANGUAGE_STANDARD = gnu11;
				GCC_DYNAMIC_NO_PIC = NO;
				GCC_NO_COMMON_BLOCKS = YES;
				GCC_OPTIMIZATION_LEVEL = 0;
				GCC_PREPROCESSOR_DEFINITIONS = (
					"DEBUG=1",
					"$(inherited)",
				);
				GCC_WARN_64_TO_32_BIT_CONVERSION = YES;
				GCC_WARN_ABOUT_RETURN_TYPE = YES_ERROR;
				GCC_WARN_UNDECLARED_SELECTOR = YES;
				GCC_WARN_UNINITIALIZED_AUTOS = YES_AGGRESSIVE;
				GCC_WARN_UNUSED_FUNCTION = YES;
				GCC_WARN_UNUSED_VARIABLE = YES;
				IPHONEOS_DEPLOYMENT_TARGET = 15.0;
				MTL_ENABLE_DEBUG_INFO = INCLUDE_SOURCE;
				MTL_FAST_MATH = YES;
				ONLY_ACTIVE_ARCH = YES;
				SDKROOT = iphoneos;
				SWIFT_ACTIVE_COMPILATION_CONDITIONS = DEBUG;
				SWIFT_OPTIMIZATION_LEVEL = "-Onone";
			};
			name = Debug;
		};
		BC67A694285CDB7D001673D9 /* Release */ = {
			isa = XCBuildConfiguration;
			buildSettings = {
				ALWAYS_SEARCH_USER_PATHS = NO;
				CLANG_ANALYZER_NONNULL = YES;
				CLANG_ANALYZER_NUMBER_OBJECT_CONVERSION = YES_AGGRESSIVE;
				CLANG_CXX_LANGUAGE_STANDARD = "gnu++17";
				CLANG_ENABLE_MODULES = YES;
				CLANG_ENABLE_OBJC_ARC = YES;
				CLANG_ENABLE_OBJC_WEAK = YES;
				CLANG_WARN_BLOCK_CAPTURE_AUTORELEASING = YES;
				CLANG_WARN_BOOL_CONVERSION = YES;
				CLANG_WARN_COMMA = YES;
				CLANG_WARN_CONSTANT_CONVERSION = YES;
				CLANG_WARN_DEPRECATED_OBJC_IMPLEMENTATIONS = YES;
				CLANG_WARN_DIRECT_OBJC_ISA_USAGE = YES_ERROR;
				CLANG_WARN_DOCUMENTATION_COMMENTS = YES;
				CLANG_WARN_EMPTY_BODY = YES;
				CLANG_WARN_ENUM_CONVERSION = YES;
				CLANG_WARN_INFINITE_RECURSION = YES;
				CLANG_WARN_INT_CONVERSION = YES;
				CLANG_WARN_NON_LITERAL_NULL_CONVERSION = YES;
				CLANG_WARN_OBJC_IMPLICIT_RETAIN_SELF = YES;
				CLANG_WARN_OBJC_LITERAL_CONVERSION = YES;
				CLANG_WARN_OBJC_ROOT_CLASS = YES_ERROR;
				CLANG_WARN_QUOTED_INCLUDE_IN_FRAMEWORK_HEADER = YES;
				CLANG_WARN_RANGE_LOOP_ANALYSIS = YES;
				CLANG_WARN_STRICT_PROTOTYPES = YES;
				CLANG_WARN_SUSPICIOUS_MOVE = YES;
				CLANG_WARN_UNGUARDED_AVAILABILITY = YES_AGGRESSIVE;
				CLANG_WARN_UNREACHABLE_CODE = YES;
				CLANG_WARN__DUPLICATE_METHOD_MATCH = YES;
				COPY_PHASE_STRIP = NO;
				DEBUG_INFORMATION_FORMAT = "dwarf-with-dsym";
				ENABLE_NS_ASSERTIONS = NO;
				ENABLE_STRICT_OBJC_MSGSEND = YES;
				GCC_C_LANGUAGE_STANDARD = gnu11;
				GCC_NO_COMMON_BLOCKS = YES;
				GCC_WARN_64_TO_32_BIT_CONVERSION = YES;
				GCC_WARN_ABOUT_RETURN_TYPE = YES_ERROR;
				GCC_WARN_UNDECLARED_SELECTOR = YES;
				GCC_WARN_UNINITIALIZED_AUTOS = YES_AGGRESSIVE;
				GCC_WARN_UNUSED_FUNCTION = YES;
				GCC_WARN_UNUSED_VARIABLE = YES;
				IPHONEOS_DEPLOYMENT_TARGET = 15.0;
				MTL_ENABLE_DEBUG_INFO = NO;
				MTL_FAST_MATH = YES;
				SDKROOT = iphoneos;
				SWIFT_COMPILATION_MODE = wholemodule;
				SWIFT_OPTIMIZATION_LEVEL = "-O";
				VALIDATE_PRODUCT = YES;
			};
			name = Release;
		};
		BC67A696285CDB7D001673D9 /* Debug */ = {
			isa = XCBuildConfiguration;
			buildSettings = {
				ASSETCATALOG_COMPILER_APPICON_NAME = AppIcon;
				ASSETCATALOG_COMPILER_GLOBAL_ACCENT_COLOR_NAME = AccentColor;
				CODE_SIGN_STYLE = Automatic;
				CURRENT_PROJECT_VERSION = 1;
				DEVELOPMENT_TEAM = F92UQYH2RA;
				GENERATE_INFOPLIST_FILE = YES;
				INFOPLIST_FILE = wanted_pre_on_boarding_practice/Info.plist;
				INFOPLIST_KEY_UIApplicationSupportsIndirectInputEvents = YES;
				INFOPLIST_KEY_UILaunchStoryboardName = LaunchScreen;
				INFOPLIST_KEY_UISupportedInterfaceOrientations_iPad = "UIInterfaceOrientationPortrait UIInterfaceOrientationPortraitUpsideDown UIInterfaceOrientationLandscapeLeft UIInterfaceOrientationLandscapeRight";
				INFOPLIST_KEY_UISupportedInterfaceOrientations_iPhone = "UIInterfaceOrientationPortrait UIInterfaceOrientationLandscapeLeft UIInterfaceOrientationLandscapeRight";
				IPHONEOS_DEPLOYMENT_TARGET = 15.0;
				LD_RUNPATH_SEARCH_PATHS = (
					"$(inherited)",
					"@executable_path/Frameworks",
				);
				MARKETING_VERSION = 1.0;
				PRODUCT_BUNDLE_IDENTIFIER = "ungchun.wanted-pre-on-boarding-practice";
				PRODUCT_NAME = "$(TARGET_NAME)";
				SWIFT_EMIT_LOC_STRINGS = YES;
				SWIFT_VERSION = 5.0;
				TARGETED_DEVICE_FAMILY = 1;
			};
			name = Debug;
		};
		BC67A697285CDB7D001673D9 /* Release */ = {
			isa = XCBuildConfiguration;
			buildSettings = {
				ASSETCATALOG_COMPILER_APPICON_NAME = AppIcon;
				ASSETCATALOG_COMPILER_GLOBAL_ACCENT_COLOR_NAME = AccentColor;
				CODE_SIGN_STYLE = Automatic;
				CURRENT_PROJECT_VERSION = 1;
				DEVELOPMENT_TEAM = F92UQYH2RA;
				GENERATE_INFOPLIST_FILE = YES;
				INFOPLIST_FILE = wanted_pre_on_boarding_practice/Info.plist;
				INFOPLIST_KEY_UIApplicationSupportsIndirectInputEvents = YES;
				INFOPLIST_KEY_UILaunchStoryboardName = LaunchScreen;
				INFOPLIST_KEY_UISupportedInterfaceOrientations_iPad = "UIInterfaceOrientationPortrait UIInterfaceOrientationPortraitUpsideDown UIInterfaceOrientationLandscapeLeft UIInterfaceOrientationLandscapeRight";
				INFOPLIST_KEY_UISupportedInterfaceOrientations_iPhone = "UIInterfaceOrientationPortrait UIInterfaceOrientationLandscapeLeft UIInterfaceOrientationLandscapeRight";
				IPHONEOS_DEPLOYMENT_TARGET = 15.0;
				LD_RUNPATH_SEARCH_PATHS = (
					"$(inherited)",
					"@executable_path/Frameworks",
				);
				MARKETING_VERSION = 1.0;
				PRODUCT_BUNDLE_IDENTIFIER = "ungchun.wanted-pre-on-boarding-practice";
				PRODUCT_NAME = "$(TARGET_NAME)";
				SWIFT_EMIT_LOC_STRINGS = YES;
				SWIFT_VERSION = 5.0;
				TARGETED_DEVICE_FAMILY = 1;
			};
			name = Release;
		};
/* End XCBuildConfiguration section */

/* Begin XCConfigurationList section */
		BC67A67C285CDB7C001673D9 /* Build configuration list for PBXProject "wanted_pre_on_boarding_practice" */ = {
			isa = XCConfigurationList;
			buildConfigurations = (
				BC67A693285CDB7D001673D9 /* Debug */,
				BC67A694285CDB7D001673D9 /* Release */,
			);
			defaultConfigurationIsVisible = 0;
			defaultConfigurationName = Release;
		};
		BC67A695285CDB7D001673D9 /* Build configuration list for PBXNativeTarget "wanted_pre_on_boarding_practice" */ = {
			isa = XCConfigurationList;
			buildConfigurations = (
				BC67A696285CDB7D001673D9 /* Debug */,
				BC67A697285CDB7D001673D9 /* Release */,
			);
			defaultConfigurationIsVisible = 0;
			defaultConfigurationName = Release;
		};
/* End XCConfigurationList section */
	};
	rootObject = BC67A679285CDB7C001673D9 /* Project object */;
}
